
Microsoft Visual Studio Solution File, Format Version 12.00
# Visual Studio Version 16
VisualStudioVersion = 16.0.31727.386
MinimumVisualStudioVersion = 10.0.40219.1
Project("{9A19103F-16F7-4668-BE54-9A1E7A4F7556}") = "Caveability", "Caveability\Caveability.csproj", "{E15B4334-1625-4A72-A5CD-1E309D51C451}"
EndProject
Project("{9A19103F-16F7-4668-BE54-9A1E7A4F7556}") = "Toolbox", "Toolbox\Toolbox.csproj", "{36E99518-888C-40B9-8360-54DA5B6F4773}"
	ProjectSection(ProjectDependencies) = postProject
		{E15B4334-1625-4A72-A5CD-1E309D51C451} = {E15B4334-1625-4A72-A5CD-1E309D51C451}
		{3E70169D-601E-4021-B84E-29EBD15443D9} = {3E70169D-601E-4021-B84E-29EBD15443D9}
	EndProjectSection
EndProject
Project("{C7167F0D-BC9F-4E6E-AFE1-012C56B48DB5}") = "_Installer", "_Installer\_Installer.wapproj", "{DABFA6AB-B22E-4A9B-9367-1A272E88BC34}"
EndProject
Project("{9A19103F-16F7-4668-BE54-9A1E7A4F7556}") = "PillarStability", "PillarStability\PillarStability.csproj", "{3E70169D-601E-4021-B84E-29EBD15443D9}"
EndProject
Project("{9A19103F-16F7-4668-BE54-9A1E7A4F7556}") = "_SharedWpfLibrary", "SharedWpfLibrary\_SharedWpfLibrary.csproj", "{39462BEA-104E-4E71-90E8-F3AD141CBFAA}"
EndProject
Global
	GlobalSection(SolutionConfigurationPlatforms) = preSolution
		Debug|Any CPU = Debug|Any CPU
		Debug|ARM = Debug|ARM
		Debug|ARM64 = Debug|ARM64
		Debug|x64 = Debug|x64
		Debug|x86 = Debug|x86
		Release|Any CPU = Release|Any CPU
		Release|ARM = Release|ARM
		Release|ARM64 = Release|ARM64
		Release|x64 = Release|x64
		Release|x86 = Release|x86
	EndGlobalSection
	GlobalSection(ProjectConfigurationPlatforms) = postSolution
		{E15B4334-1625-4A72-A5CD-1E309D51C451}.Debug|Any CPU.ActiveCfg = Debug|Any CPU
		{E15B4334-1625-4A72-A5CD-1E309D51C451}.Debug|Any CPU.Build.0 = Debug|Any CPU
		{E15B4334-1625-4A72-A5CD-1E309D51C451}.Debug|ARM.ActiveCfg = Debug|Any CPU
		{E15B4334-1625-4A72-A5CD-1E309D51C451}.Debug|ARM.Build.0 = Debug|Any CPU
		{E15B4334-1625-4A72-A5CD-1E309D51C451}.Debug|ARM64.ActiveCfg = Debug|Any CPU
		{E15B4334-1625-4A72-A5CD-1E309D51C451}.Debug|ARM64.Build.0 = Debug|Any CPU
		{E15B4334-1625-4A72-A5CD-1E309D51C451}.Debug|x64.ActiveCfg = Debug|Any CPU
		{E15B4334-1625-4A72-A5CD-1E309D51C451}.Debug|x64.Build.0 = Debug|Any CPU
		{E15B4334-1625-4A72-A5CD-1E309D51C451}.Debug|x86.ActiveCfg = Debug|Any CPU
		{E15B4334-1625-4A72-A5CD-1E309D51C451}.Debug|x86.Build.0 = Debug|Any CPU
		{E15B4334-1625-4A72-A5CD-1E309D51C451}.Release|Any CPU.ActiveCfg = Release|Any CPU
		{E15B4334-1625-4A72-A5CD-1E309D51C451}.Release|Any CPU.Build.0 = Release|Any CPU
		{E15B4334-1625-4A72-A5CD-1E309D51C451}.Release|ARM.ActiveCfg = Release|Any CPU
		{E15B4334-1625-4A72-A5CD-1E309D51C451}.Release|ARM.Build.0 = Release|Any CPU
		{E15B4334-1625-4A72-A5CD-1E309D51C451}.Release|ARM64.ActiveCfg = Release|Any CPU
		{E15B4334-1625-4A72-A5CD-1E309D51C451}.Release|ARM64.Build.0 = Release|Any CPU
		{E15B4334-1625-4A72-A5CD-1E309D51C451}.Release|x64.ActiveCfg = Release|x64
		{E15B4334-1625-4A72-A5CD-1E309D51C451}.Release|x64.Build.0 = Release|x64
		{E15B4334-1625-4A72-A5CD-1E309D51C451}.Release|x86.ActiveCfg = Release|x86
		{E15B4334-1625-4A72-A5CD-1E309D51C451}.Release|x86.Build.0 = Release|x86
		{36E99518-888C-40B9-8360-54DA5B6F4773}.Debug|Any CPU.ActiveCfg = Debug|Any CPU
		{36E99518-888C-40B9-8360-54DA5B6F4773}.Debug|Any CPU.Build.0 = Debug|Any CPU
		{36E99518-888C-40B9-8360-54DA5B6F4773}.Debug|ARM.ActiveCfg = Debug|Any CPU
		{36E99518-888C-40B9-8360-54DA5B6F4773}.Debug|ARM.Build.0 = Debug|Any CPU
		{36E99518-888C-40B9-8360-54DA5B6F4773}.Debug|ARM64.ActiveCfg = Debug|Any CPU
		{36E99518-888C-40B9-8360-54DA5B6F4773}.Debug|ARM64.Build.0 = Debug|Any CPU
		{36E99518-888C-40B9-8360-54DA5B6F4773}.Debug|x64.ActiveCfg = Debug|Any CPU
		{36E99518-888C-40B9-8360-54DA5B6F4773}.Debug|x64.Build.0 = Debug|Any CPU
		{36E99518-888C-40B9-8360-54DA5B6F4773}.Debug|x86.ActiveCfg = Debug|Any CPU
		{36E99518-888C-40B9-8360-54DA5B6F4773}.Debug|x86.Build.0 = Debug|Any CPU
		{36E99518-888C-40B9-8360-54DA5B6F4773}.Release|Any CPU.ActiveCfg = Release|Any CPU
		{36E99518-888C-40B9-8360-54DA5B6F4773}.Release|Any CPU.Build.0 = Release|Any CPU
		{36E99518-888C-40B9-8360-54DA5B6F4773}.Release|ARM.ActiveCfg = Release|Any CPU
		{36E99518-888C-40B9-8360-54DA5B6F4773}.Release|ARM.Build.0 = Release|Any CPU
		{36E99518-888C-40B9-8360-54DA5B6F4773}.Release|ARM64.ActiveCfg = Release|Any CPU
		{36E99518-888C-40B9-8360-54DA5B6F4773}.Release|ARM64.Build.0 = Release|Any CPU
		{36E99518-888C-40B9-8360-54DA5B6F4773}.Release|x64.ActiveCfg = Release|x64
		{36E99518-888C-40B9-8360-54DA5B6F4773}.Release|x64.Build.0 = Release|x64
		{36E99518-888C-40B9-8360-54DA5B6F4773}.Release|x86.ActiveCfg = Release|x86
		{36E99518-888C-40B9-8360-54DA5B6F4773}.Release|x86.Build.0 = Release|x86
		{DABFA6AB-B22E-4A9B-9367-1A272E88BC34}.Debug|Any CPU.ActiveCfg = Debug|Any CPU
		{DABFA6AB-B22E-4A9B-9367-1A272E88BC34}.Debug|Any CPU.Build.0 = Debug|Any CPU
		{DABFA6AB-B22E-4A9B-9367-1A272E88BC34}.Debug|Any CPU.Deploy.0 = Debug|Any CPU
		{DABFA6AB-B22E-4A9B-9367-1A272E88BC34}.Debug|ARM.ActiveCfg = Debug|ARM
		{DABFA6AB-B22E-4A9B-9367-1A272E88BC34}.Debug|ARM.Build.0 = Debug|ARM
		{DABFA6AB-B22E-4A9B-9367-1A272E88BC34}.Debug|ARM.Deploy.0 = Debug|ARM
		{DABFA6AB-B22E-4A9B-9367-1A272E88BC34}.Debug|ARM64.ActiveCfg = Debug|ARM64
		{DABFA6AB-B22E-4A9B-9367-1A272E88BC34}.Debug|ARM64.Build.0 = Debug|ARM64
		{DABFA6AB-B22E-4A9B-9367-1A272E88BC34}.Debug|ARM64.Deploy.0 = Debug|ARM64
		{DABFA6AB-B22E-4A9B-9367-1A272E88BC34}.Debug|x64.ActiveCfg = Debug|x64
		{DABFA6AB-B22E-4A9B-9367-1A272E88BC34}.Debug|x64.Build.0 = Debug|x64
		{DABFA6AB-B22E-4A9B-9367-1A272E88BC34}.Debug|x64.Deploy.0 = Debug|x64
		{DABFA6AB-B22E-4A9B-9367-1A272E88BC34}.Debug|x86.ActiveCfg = Debug|x86
		{DABFA6AB-B22E-4A9B-9367-1A272E88BC34}.Debug|x86.Build.0 = Debug|x86
		{DABFA6AB-B22E-4A9B-9367-1A272E88BC34}.Debug|x86.Deploy.0 = Debug|x86
		{DABFA6AB-B22E-4A9B-9367-1A272E88BC34}.Release|Any CPU.ActiveCfg = Release|Any CPU
		{DABFA6AB-B22E-4A9B-9367-1A272E88BC34}.Release|Any CPU.Build.0 = Release|Any CPU
		{DABFA6AB-B22E-4A9B-9367-1A272E88BC34}.Release|Any CPU.Deploy.0 = Release|Any CPU
		{DABFA6AB-B22E-4A9B-9367-1A272E88BC34}.Release|ARM.ActiveCfg = Release|ARM
		{DABFA6AB-B22E-4A9B-9367-1A272E88BC34}.Release|ARM.Build.0 = Release|ARM
		{DABFA6AB-B22E-4A9B-9367-1A272E88BC34}.Release|ARM.Deploy.0 = Release|ARM
		{DABFA6AB-B22E-4A9B-9367-1A272E88BC34}.Release|ARM64.ActiveCfg = Release|ARM64
		{DABFA6AB-B22E-4A9B-9367-1A272E88BC34}.Release|ARM64.Build.0 = Release|ARM64
		{DABFA6AB-B22E-4A9B-9367-1A272E88BC34}.Release|ARM64.Deploy.0 = Release|ARM64
		{DABFA6AB-B22E-4A9B-9367-1A272E88BC34}.Release|x64.ActiveCfg = Release|x64
		{DABFA6AB-B22E-4A9B-9367-1A272E88BC34}.Release|x64.Build.0 = Release|x64
		{DABFA6AB-B22E-4A9B-9367-1A272E88BC34}.Release|x64.Deploy.0 = Release|x64
		{DABFA6AB-B22E-4A9B-9367-1A272E88BC34}.Release|x86.ActiveCfg = Release|x86
		{DABFA6AB-B22E-4A9B-9367-1A272E88BC34}.Release|x86.Build.0 = Release|x86
		{DABFA6AB-B22E-4A9B-9367-1A272E88BC34}.Release|x86.Deploy.0 = Release|x86
		{3E70169D-601E-4021-B84E-29EBD15443D9}.Debug|Any CPU.ActiveCfg = Debug|Any CPU
		{3E70169D-601E-4021-B84E-29EBD15443D9}.Debug|Any CPU.Build.0 = Debug|Any CPU
		{3E70169D-601E-4021-B84E-29EBD15443D9}.Debug|ARM.ActiveCfg = Debug|Any CPU
		{3E70169D-601E-4021-B84E-29EBD15443D9}.Debug|ARM.Build.0 = Debug|Any CPU
		{3E70169D-601E-4021-B84E-29EBD15443D9}.Debug|ARM64.ActiveCfg = Debug|Any CPU
		{3E70169D-601E-4021-B84E-29EBD15443D9}.Debug|ARM64.Build.0 = Debug|Any CPU
		{3E70169D-601E-4021-B84E-29EBD15443D9}.Debug|x64.ActiveCfg = Debug|Any CPU
		{3E70169D-601E-4021-B84E-29EBD15443D9}.Debug|x64.Build.0 = Debug|Any CPU
		{3E70169D-601E-4021-B84E-29EBD15443D9}.Debug|x86.ActiveCfg = Debug|Any CPU
		{3E70169D-601E-4021-B84E-29EBD15443D9}.Debug|x86.Build.0 = Debug|Any CPU
		{3E70169D-601E-4021-B84E-29EBD15443D9}.Release|Any CPU.ActiveCfg = Release|Any CPU
		{3E70169D-601E-4021-B84E-29EBD15443D9}.Release|Any CPU.Build.0 = Release|Any CPU
		{3E70169D-601E-4021-B84E-29EBD15443D9}.Release|ARM.ActiveCfg = Release|Any CPU
		{3E70169D-601E-4021-B84E-29EBD15443D9}.Release|ARM.Build.0 = Release|Any CPU
		{3E70169D-601E-4021-B84E-29EBD15443D9}.Release|ARM64.ActiveCfg = Release|Any CPU
		{3E70169D-601E-4021-B84E-29EBD15443D9}.Release|ARM64.Build.0 = Release|Any CPU
		{3E70169D-601E-4021-B84E-29EBD15443D9}.Release|x64.ActiveCfg = Release|Any CPU
		{3E70169D-601E-4021-B84E-29EBD15443D9}.Release|x64.Build.0 = Release|Any CPU
		{3E70169D-601E-4021-B84E-29EBD15443D9}.Release|x86.ActiveCfg = Release|Any CPU
		{3E70169D-601E-4021-B84E-29EBD15443D9}.Release|x86.Build.0 = Release|Any CPU
		{39462BEA-104E-4E71-90E8-F3AD141CBFAA}.Debug|Any CPU.ActiveCfg = Debug|Any CPU
		{39462BEA-104E-4E71-90E8-F3AD141CBFAA}.Debug|Any CPU.Build.0 = Debug|Any CPU
		{39462BEA-104E-4E71-90E8-F3AD141CBFAA}.Debug|ARM.ActiveCfg = Debug|Any CPU
		{39462BEA-104E-4E71-90E8-F3AD141CBFAA}.Debug|ARM.Build.0 = Debug|Any CPU
		{39462BEA-104E-4E71-90E8-F3AD141CBFAA}.Debug|ARM64.ActiveCfg = Debug|Any CPU
		{39462BEA-104E-4E71-90E8-F3AD141CBFAA}.Debug|ARM64.Build.0 = Debug|Any CPU
		{39462BEA-104E-4E71-90E8-F3AD141CBFAA}.Debug|x64.ActiveCfg = Debug|Any CPU
		{39462BEA-104E-4E71-90E8-F3AD141CBFAA}.Debug|x64.Build.0 = Debug|Any CPU
		{39462BEA-104E-4E71-90E8-F3AD141CBFAA}.Debug|x86.ActiveCfg = Debug|Any CPU
		{39462BEA-104E-4E71-90E8-F3AD141CBFAA}.Debug|x86.Build.0 = Debug|Any CPU
		{39462BEA-104E-4E71-90E8-F3AD141CBFAA}.Release|Any CPU.ActiveCfg = Release|Any CPU
		{39462BEA-104E-4E71-90E8-F3AD141CBFAA}.Release|Any CPU.Build.0 = Release|Any CPU
		{39462BEA-104E-4E71-90E8-F3AD141CBFAA}.Release|ARM.ActiveCfg = Release|Any CPU
		{39462BEA-104E-4E71-90E8-F3AD141CBFAA}.Release|ARM.Build.0 = Release|Any CPU
		{39462BEA-104E-4E71-90E8-F3AD141CBFAA}.Release|ARM64.ActiveCfg = Release|Any CPU
		{39462BEA-104E-4E71-90E8-F3AD141CBFAA}.Release|ARM64.Build.0 = Release|Any CPU
		{39462BEA-104E-4E71-90E8-F3AD141CBFAA}.Release|x64.ActiveCfg = Release|Any CPU
		{39462BEA-104E-4E71-90E8-F3AD141CBFAA}.Release|x64.Build.0 = Release|Any CPU
		{39462BEA-104E-4E71-90E8-F3AD141CBFAA}.Release|x86.ActiveCfg = Release|Any CPU
		{39462BEA-104E-4E71-90E8-F3AD141CBFAA}.Release|x86.Build.0 = Release|Any CPU
	EndGlobalSection
	GlobalSection(SolutionProperties) = preSolution
		HideSolutionNode = FALSE
	EndGlobalSection
	GlobalSection(ExtensibilityGlobals) = postSolution
		SolutionGuid = {AB54588B-CC3B-40DF-BEB7-6B3FB69C3085}
	EndGlobalSection
EndGlobal
