
Microsoft Visual Studio Solution File, Format Version 12.00
# Visual Studio Version 17
VisualStudioVersion = 17.3.32901.215
MinimumVisualStudioVersion = 10.0.40219.1
Project("{9A19103F-16F7-4668-BE54-9A1E7A4F7556}") = "Toolbox", "Toolbox\Toolbox.csproj", "{36E99518-888C-40B9-8360-54DA5B6F4773}"
EndProject
Project("{9A19103F-16F7-4668-BE54-9A1E7A4F7556}") = "PillarStability", "PillarStability\PillarStability.csproj", "{3E70169D-601E-4021-B84E-29EBD15443D9}"
EndProject
Project("{9A19103F-16F7-4668-BE54-9A1E7A4F7556}") = "_SharedWpfLibrary", "SharedWpfLibrary\_SharedWpfLibrary.csproj", "{39462BEA-104E-4E71-90E8-F3AD141CBFAA}"
EndProject
Project("{9A19103F-16F7-4668-BE54-9A1E7A4F7556}") = "Caveability", "Caveability\Caveability.csproj", "{1F93AD21-0A53-414A-A3BB-F530711544A0}"
EndProject
Project("{FAE04EC0-301F-11D3-BF4B-00C04F79EFBC}") = "Borehole", "Borehole\Borehole.csproj", "{76A96769-15DA-411D-B603-3BE64808769C}"
EndProject
Global
	GlobalSection(SolutionConfigurationPlatforms) = preSolution
		Debug|Any CPU = Debug|Any CPU
		Debug|ARM = Debug|ARM
		Debug|ARM64 = Debug|ARM64
		Debug|x64 = Debug|x64
		Debug|x86 = Debug|x86
		Release|Any CPU = Release|Any CPU
		Release|ARM = Release|ARM
		Release|ARM64 = Release|ARM64
		Release|x64 = Release|x64
		Release|x86 = Release|x86
	EndGlobalSection
	GlobalSection(ProjectConfigurationPlatforms) = postSolution
		{36E99518-888C-40B9-8360-54DA5B6F4773}.Debug|Any CPU.ActiveCfg = Debug|Any CPU
		{36E99518-888C-40B9-8360-54DA5B6F4773}.Debug|Any CPU.Build.0 = Debug|Any CPU
		{36E99518-888C-40B9-8360-54DA5B6F4773}.Debug|ARM.ActiveCfg = Debug|Any CPU
		{36E99518-888C-40B9-8360-54DA5B6F4773}.Debug|ARM.Build.0 = Debug|Any CPU
		{36E99518-888C-40B9-8360-54DA5B6F4773}.Debug|ARM64.ActiveCfg = Debug|Any CPU
		{36E99518-888C-40B9-8360-54DA5B6F4773}.Debug|ARM64.Build.0 = Debug|Any CPU
		{36E99518-888C-40B9-8360-54DA5B6F4773}.Debug|x64.ActiveCfg = Debug|Any CPU
		{36E99518-888C-40B9-8360-54DA5B6F4773}.Debug|x64.Build.0 = Debug|Any CPU
		{36E99518-888C-40B9-8360-54DA5B6F4773}.Debug|x86.ActiveCfg = Debug|Any CPU
		{36E99518-888C-40B9-8360-54DA5B6F4773}.Debug|x86.Build.0 = Debug|Any CPU
		{36E99518-888C-40B9-8360-54DA5B6F4773}.Release|Any CPU.ActiveCfg = Release|Any CPU
		{36E99518-888C-40B9-8360-54DA5B6F4773}.Release|Any CPU.Build.0 = Release|Any CPU
		{36E99518-888C-40B9-8360-54DA5B6F4773}.Release|ARM.ActiveCfg = Release|Any CPU
		{36E99518-888C-40B9-8360-54DA5B6F4773}.Release|ARM.Build.0 = Release|Any CPU
		{36E99518-888C-40B9-8360-54DA5B6F4773}.Release|ARM64.ActiveCfg = Release|Any CPU
		{36E99518-888C-40B9-8360-54DA5B6F4773}.Release|ARM64.Build.0 = Release|Any CPU
		{36E99518-888C-40B9-8360-54DA5B6F4773}.Release|x64.ActiveCfg = Release|Any CPU
		{36E99518-888C-40B9-8360-54DA5B6F4773}.Release|x64.Build.0 = Release|Any CPU
		{36E99518-888C-40B9-8360-54DA5B6F4773}.Release|x86.ActiveCfg = Release|Any CPU
		{36E99518-888C-40B9-8360-54DA5B6F4773}.Release|x86.Build.0 = Release|Any CPU
		{3E70169D-601E-4021-B84E-29EBD15443D9}.Debug|Any CPU.ActiveCfg = Debug|Any CPU
		{3E70169D-601E-4021-B84E-29EBD15443D9}.Debug|Any CPU.Build.0 = Debug|Any CPU
		{3E70169D-601E-4021-B84E-29EBD15443D9}.Debug|ARM.ActiveCfg = Debug|Any CPU
		{3E70169D-601E-4021-B84E-29EBD15443D9}.Debug|ARM.Build.0 = Debug|Any CPU
		{3E70169D-601E-4021-B84E-29EBD15443D9}.Debug|ARM64.ActiveCfg = Debug|Any CPU
		{3E70169D-601E-4021-B84E-29EBD15443D9}.Debug|ARM64.Build.0 = Debug|Any CPU
		{3E70169D-601E-4021-B84E-29EBD15443D9}.Debug|x64.ActiveCfg = Debug|Any CPU
		{3E70169D-601E-4021-B84E-29EBD15443D9}.Debug|x64.Build.0 = Debug|Any CPU
		{3E70169D-601E-4021-B84E-29EBD15443D9}.Debug|x86.ActiveCfg = Debug|Any CPU
		{3E70169D-601E-4021-B84E-29EBD15443D9}.Debug|x86.Build.0 = Debug|Any CPU
		{3E70169D-601E-4021-B84E-29EBD15443D9}.Release|Any CPU.ActiveCfg = Release|Any CPU
		{3E70169D-601E-4021-B84E-29EBD15443D9}.Release|Any CPU.Build.0 = Release|Any CPU
		{3E70169D-601E-4021-B84E-29EBD15443D9}.Release|ARM.ActiveCfg = Release|Any CPU
		{3E70169D-601E-4021-B84E-29EBD15443D9}.Release|ARM.Build.0 = Release|Any CPU
		{3E70169D-601E-4021-B84E-29EBD15443D9}.Release|ARM64.ActiveCfg = Release|Any CPU
		{3E70169D-601E-4021-B84E-29EBD15443D9}.Release|ARM64.Build.0 = Release|Any CPU
		{3E70169D-601E-4021-B84E-29EBD15443D9}.Release|x64.ActiveCfg = Release|Any CPU
		{3E70169D-601E-4021-B84E-29EBD15443D9}.Release|x64.Build.0 = Release|Any CPU
		{3E70169D-601E-4021-B84E-29EBD15443D9}.Release|x86.ActiveCfg = Release|Any CPU
		{3E70169D-601E-4021-B84E-29EBD15443D9}.Release|x86.Build.0 = Release|Any CPU
		{39462BEA-104E-4E71-90E8-F3AD141CBFAA}.Debug|Any CPU.ActiveCfg = Debug|Any CPU
		{39462BEA-104E-4E71-90E8-F3AD141CBFAA}.Debug|Any CPU.Build.0 = Debug|Any CPU
		{39462BEA-104E-4E71-90E8-F3AD141CBFAA}.Debug|ARM.ActiveCfg = Debug|Any CPU
		{39462BEA-104E-4E71-90E8-F3AD141CBFAA}.Debug|ARM.Build.0 = Debug|Any CPU
		{39462BEA-104E-4E71-90E8-F3AD141CBFAA}.Debug|ARM64.ActiveCfg = Debug|Any CPU
		{39462BEA-104E-4E71-90E8-F3AD141CBFAA}.Debug|ARM64.Build.0 = Debug|Any CPU
		{39462BEA-104E-4E71-90E8-F3AD141CBFAA}.Debug|x64.ActiveCfg = Debug|Any CPU
		{39462BEA-104E-4E71-90E8-F3AD141CBFAA}.Debug|x64.Build.0 = Debug|Any CPU
		{39462BEA-104E-4E71-90E8-F3AD141CBFAA}.Debug|x86.ActiveCfg = Debug|Any CPU
		{39462BEA-104E-4E71-90E8-F3AD141CBFAA}.Debug|x86.Build.0 = Debug|Any CPU
		{39462BEA-104E-4E71-90E8-F3AD141CBFAA}.Release|Any CPU.ActiveCfg = Release|Any CPU
		{39462BEA-104E-4E71-90E8-F3AD141CBFAA}.Release|Any CPU.Build.0 = Release|Any CPU
		{39462BEA-104E-4E71-90E8-F3AD141CBFAA}.Release|ARM.ActiveCfg = Release|Any CPU
		{39462BEA-104E-4E71-90E8-F3AD141CBFAA}.Release|ARM.Build.0 = Release|Any CPU
		{39462BEA-104E-4E71-90E8-F3AD141CBFAA}.Release|ARM64.ActiveCfg = Release|Any CPU
		{39462BEA-104E-4E71-90E8-F3AD141CBFAA}.Release|ARM64.Build.0 = Release|Any CPU
		{39462BEA-104E-4E71-90E8-F3AD141CBFAA}.Release|x64.ActiveCfg = Release|Any CPU
		{39462BEA-104E-4E71-90E8-F3AD141CBFAA}.Release|x64.Build.0 = Release|Any CPU
		{39462BEA-104E-4E71-90E8-F3AD141CBFAA}.Release|x86.ActiveCfg = Release|Any CPU
		{39462BEA-104E-4E71-90E8-F3AD141CBFAA}.Release|x86.Build.0 = Release|Any CPU
		{1F93AD21-0A53-414A-A3BB-F530711544A0}.Debug|Any CPU.ActiveCfg = Debug|Any CPU
		{1F93AD21-0A53-414A-A3BB-F530711544A0}.Debug|Any CPU.Build.0 = Debug|Any CPU
		{1F93AD21-0A53-414A-A3BB-F530711544A0}.Debug|ARM.ActiveCfg = Debug|Any CPU
		{1F93AD21-0A53-414A-A3BB-F530711544A0}.Debug|ARM.Build.0 = Debug|Any CPU
		{1F93AD21-0A53-414A-A3BB-F530711544A0}.Debug|ARM64.ActiveCfg = Debug|Any CPU
		{1F93AD21-0A53-414A-A3BB-F530711544A0}.Debug|ARM64.Build.0 = Debug|Any CPU
		{1F93AD21-0A53-414A-A3BB-F530711544A0}.Debug|x64.ActiveCfg = Debug|Any CPU
		{1F93AD21-0A53-414A-A3BB-F530711544A0}.Debug|x64.Build.0 = Debug|Any CPU
		{1F93AD21-0A53-414A-A3BB-F530711544A0}.Debug|x86.ActiveCfg = Debug|Any CPU
		{1F93AD21-0A53-414A-A3BB-F530711544A0}.Debug|x86.Build.0 = Debug|Any CPU
		{1F93AD21-0A53-414A-A3BB-F530711544A0}.Release|Any CPU.ActiveCfg = Release|Any CPU
		{1F93AD21-0A53-414A-A3BB-F530711544A0}.Release|Any CPU.Build.0 = Release|Any CPU
		{1F93AD21-0A53-414A-A3BB-F530711544A0}.Release|ARM.ActiveCfg = Release|Any CPU
		{1F93AD21-0A53-414A-A3BB-F530711544A0}.Release|ARM.Build.0 = Release|Any CPU
		{1F93AD21-0A53-414A-A3BB-F530711544A0}.Release|ARM64.ActiveCfg = Release|Any CPU
		{1F93AD21-0A53-414A-A3BB-F530711544A0}.Release|ARM64.Build.0 = Release|Any CPU
		{1F93AD21-0A53-414A-A3BB-F530711544A0}.Release|x64.ActiveCfg = Release|Any CPU
		{1F93AD21-0A53-414A-A3BB-F530711544A0}.Release|x64.Build.0 = Release|Any CPU
		{1F93AD21-0A53-414A-A3BB-F530711544A0}.Release|x86.ActiveCfg = Release|Any CPU
		{1F93AD21-0A53-414A-A3BB-F530711544A0}.Release|x86.Build.0 = Release|Any CPU
		{76A96769-15DA-411D-B603-3BE64808769C}.Debug|Any CPU.ActiveCfg = Debug|Any CPU
		{76A96769-15DA-411D-B603-3BE64808769C}.Debug|Any CPU.Build.0 = Debug|Any CPU
		{76A96769-15DA-411D-B603-3BE64808769C}.Debug|ARM.ActiveCfg = Debug|Any CPU
		{76A96769-15DA-411D-B603-3BE64808769C}.Debug|ARM.Build.0 = Debug|Any CPU
		{76A96769-15DA-411D-B603-3BE64808769C}.Debug|ARM64.ActiveCfg = Debug|Any CPU
		{76A96769-15DA-411D-B603-3BE64808769C}.Debug|ARM64.Build.0 = Debug|Any CPU
		{76A96769-15DA-411D-B603-3BE64808769C}.Debug|x64.ActiveCfg = Debug|Any CPU
		{76A96769-15DA-411D-B603-3BE64808769C}.Debug|x64.Build.0 = Debug|Any CPU
		{76A96769-15DA-411D-B603-3BE64808769C}.Debug|x86.ActiveCfg = Debug|Any CPU
		{76A96769-15DA-411D-B603-3BE64808769C}.Debug|x86.Build.0 = Debug|Any CPU
		{76A96769-15DA-411D-B603-3BE64808769C}.Release|Any CPU.ActiveCfg = Release|Any CPU
		{76A96769-15DA-411D-B603-3BE64808769C}.Release|Any CPU.Build.0 = Release|Any CPU
		{76A96769-15DA-411D-B603-3BE64808769C}.Release|ARM.ActiveCfg = Release|Any CPU
		{76A96769-15DA-411D-B603-3BE64808769C}.Release|ARM.Build.0 = Release|Any CPU
		{76A96769-15DA-411D-B603-3BE64808769C}.Release|ARM64.ActiveCfg = Release|Any CPU
		{76A96769-15DA-411D-B603-3BE64808769C}.Release|ARM64.Build.0 = Release|Any CPU
		{76A96769-15DA-411D-B603-3BE64808769C}.Release|x64.ActiveCfg = Release|Any CPU
		{76A96769-15DA-411D-B603-3BE64808769C}.Release|x64.Build.0 = Release|Any CPU
		{76A96769-15DA-411D-B603-3BE64808769C}.Release|x86.ActiveCfg = Release|Any CPU
		{76A96769-15DA-411D-B603-3BE64808769C}.Release|x86.Build.0 = Release|Any CPU
	EndGlobalSection
	GlobalSection(SolutionProperties) = preSolution
		HideSolutionNode = FALSE
	EndGlobalSection
	GlobalSection(ExtensibilityGlobals) = postSolution
		SolutionGuid = {AB54588B-CC3B-40DF-BEB7-6B3FB69C3085}
	EndGlobalSection
EndGlobal
